
Microsoft Visual Studio Solution File, Format Version 12.00
Project("{FAE04EC0-301F-11D3-BF4B-00C04F79EFBC}") = "SnakeVenor", "SnakeVenor.csproj", "{D7E8AE9C-2E89-4A0C-A157-5B1604EC5B9C}"
EndProject
Global
	GlobalSection(SolutionConfigurationPlatforms) = preSolution
		Debug|Any CPU = Debug|Any CPU
		Release|Any CPU = Release|Any CPU
	EndGlobalSection
	GlobalSection(ProjectConfigurationPlatforms) = postSolution
		{D7E8AE9C-2E89-4A0C-A157-5B1604EC5B9C}.Debug|Any CPU.ActiveCfg = Debug|Any CPU
		{D7E8AE9C-2E89-4A0C-A157-5B1604EC5B9C}.Debug|Any CPU.Build.0 = Debug|Any CPU
		{D7E8AE9C-2E89-4A0C-A157-5B1604EC5B9C}.Release|Any CPU.ActiveCfg = Release|Any CPU
		{D7E8AE9C-2E89-4A0C-A157-5B1604EC5B9C}.Release|Any CPU.Build.0 = Release|Any CPU
	EndGlobalSection
EndGlobal
